
Microsoft Visual Studio Solution File, Format Version 12.00
# Visual Studio 15
Project("{FAE04EC0-301F-11D3-BF4B-00C04F79EFBC}") = "Assembly-CSharp", "Assembly-CSharp.csproj", "{D9A984B7-D217-C7AF-0397-EAEC60D8DBEA}"
EndProject
Global
	GlobalSection(SolutionConfigurationPlatforms) = preSolution
		Debug|Any CPU = Debug|Any CPU
		Release|Any CPU = Release|Any CPU
	EndGlobalSection
	GlobalSection(ProjectConfigurationPlatforms) = postSolution
		{D9A984B7-D217-C7AF-0397-EAEC60D8DBEA}.Debug|Any CPU.ActiveCfg = Debug|Any CPU
		{D9A984B7-D217-C7AF-0397-EAEC60D8DBEA}.Debug|Any CPU.Build.0 = Debug|Any CPU
		{D9A984B7-D217-C7AF-0397-EAEC60D8DBEA}.Release|Any CPU.ActiveCfg = Release|Any CPU
		{D9A984B7-D217-C7AF-0397-EAEC60D8DBEA}.Release|Any CPU.Build.0 = Release|Any CPU
	EndGlobalSection
	GlobalSection(SolutionProperties) = preSolution
		HideSolutionNode = FALSE
	EndGlobalSection
EndGlobal
